// !$*UTF8*$!
{
	archiveVersion = 1;
	classes = {
	};
	objectVersion = 50;
	objects = {

/* Begin PBXBuildFile section */
		FA300687258EA9AC007CB485 /* FeedResponse.swift in Sources */ = {isa = PBXBuildFile; fileRef = FA300686258EA9AC007CB485 /* FeedResponse.swift */; };
		FA300689258EABE2007CB485 /* NetworkDataFetcher.swift in Sources */ = {isa = PBXBuildFile; fileRef = FA300688258EABE2007CB485 /* NetworkDataFetcher.swift */; };
		FA300692258EB530007CB485 /* NewsfeedPresenter.swift in Sources */ = {isa = PBXBuildFile; fileRef = FA30068B258EB530007CB485 /* NewsfeedPresenter.swift */; };
		FA300693258EB530007CB485 /* NewsfeedWorker.swift in Sources */ = {isa = PBXBuildFile; fileRef = FA30068C258EB530007CB485 /* NewsfeedWorker.swift */; };
		FA300694258EB530007CB485 /* NewsfeedRouter.swift in Sources */ = {isa = PBXBuildFile; fileRef = FA30068D258EB530007CB485 /* NewsfeedRouter.swift */; };
		FA300695258EB530007CB485 /* NewsfeedModels.swift in Sources */ = {isa = PBXBuildFile; fileRef = FA30068E258EB530007CB485 /* NewsfeedModels.swift */; };
		FA300696258EB530007CB485 /* NewsfeedViewController.swift in Sources */ = {isa = PBXBuildFile; fileRef = FA30068F258EB530007CB485 /* NewsfeedViewController.swift */; };
		FA300697258EB530007CB485 /* NewsfeedInteractor.swift in Sources */ = {isa = PBXBuildFile; fileRef = FA300690258EB530007CB485 /* NewsfeedInteractor.swift */; };
		FA55DA6E2590076F003F6DA6 /* NewsfeedViewController.storyboard in Resources */ = {isa = PBXBuildFile; fileRef = FA55DA6D2590076F003F6DA6 /* NewsfeedViewController.storyboard */; };
		FA55DA7125900F6A003F6DA6 /* NewsfeedCell.swift in Sources */ = {isa = PBXBuildFile; fileRef = FA55DA7025900F6A003F6DA6 /* NewsfeedCell.swift */; };
		FA55DA7325900F9D003F6DA6 /* NewsfeedCell.xib in Resources */ = {isa = PBXBuildFile; fileRef = FA55DA7225900F9D003F6DA6 /* NewsfeedCell.xib */; };
		FA55DA752590D177003F6DA6 /* WebImageView.swift in Sources */ = {isa = PBXBuildFile; fileRef = FA55DA742590D177003F6DA6 /* WebImageView.swift */; };
		FA55DA772590F766003F6DA6 /* NewsfeedCellLayoutCalculator.swift in Sources */ = {isa = PBXBuildFile; fileRef = FA55DA762590F766003F6DA6 /* NewsfeedCellLayoutCalculator.swift */; };
		FA55DA792591021E003F6DA6 /* String + Height.swift in Sources */ = {isa = PBXBuildFile; fileRef = FA55DA782591021E003F6DA6 /* String + Height.swift */; };
		FA706820258BE31D007FBCE9 /* AppDelegate.swift in Sources */ = {isa = PBXBuildFile; fileRef = FA70681F258BE31D007FBCE9 /* AppDelegate.swift */; };
		FA706829258BE31F007FBCE9 /* Assets.xcassets in Resources */ = {isa = PBXBuildFile; fileRef = FA706828258BE31F007FBCE9 /* Assets.xcassets */; };
		FA70682C258BE31F007FBCE9 /* LaunchScreen.storyboard in Resources */ = {isa = PBXBuildFile; fileRef = FA70682A258BE31F007FBCE9 /* LaunchScreen.storyboard */; };
		FA706835258BE9BD007FBCE9 /* VKSdkFramework.framework in Frameworks */ = {isa = PBXBuildFile; fileRef = FA706834258BE9BD007FBCE9 /* VKSdkFramework.framework */; };
		FA706836258BE9BD007FBCE9 /* VKSdkFramework.framework in Embed Frameworks */ = {isa = PBXBuildFile; fileRef = FA706834258BE9BD007FBCE9 /* VKSdkFramework.framework */; settings = {ATTRIBUTES = (CodeSignOnCopy, RemoveHeadersOnCopy, ); }; };
		FA70683A258D4AB7007FBCE9 /* AuthService.swift in Sources */ = {isa = PBXBuildFile; fileRef = FA706839258D4AB7007FBCE9 /* AuthService.swift */; };
		FA70683D258D4F34007FBCE9 /* AuthViewController.swift in Sources */ = {isa = PBXBuildFile; fileRef = FA70683C258D4F34007FBCE9 /* AuthViewController.swift */; };
		FA70683F258D4F4E007FBCE9 /* AuthViewController.storyboard in Resources */ = {isa = PBXBuildFile; fileRef = FA70683E258D4F4E007FBCE9 /* AuthViewController.storyboard */; };
		FA706846258D6164007FBCE9 /* UIViewController + Storyboard.swift in Sources */ = {isa = PBXBuildFile; fileRef = FA706845258D6164007FBCE9 /* UIViewController + Storyboard.swift */; };
		FA70684A258D6427007FBCE9 /* NetworkService.swift in Sources */ = {isa = PBXBuildFile; fileRef = FA706849258D6427007FBCE9 /* NetworkService.swift */; };
		FA70684C258D64E8007FBCE9 /* API.swift in Sources */ = {isa = PBXBuildFile; fileRef = FA70684B258D64E8007FBCE9 /* API.swift */; };
/* End PBXBuildFile section */

/* Begin PBXCopyFilesBuildPhase section */
		FA706837258BE9BD007FBCE9 /* Embed Frameworks */ = {
			isa = PBXCopyFilesBuildPhase;
			buildActionMask = 2147483647;
			dstPath = "";
			dstSubfolderSpec = 10;
			files = (
				FA706836258BE9BD007FBCE9 /* VKSdkFramework.framework in Embed Frameworks */,
			);
			name = "Embed Frameworks";
			runOnlyForDeploymentPostprocessing = 0;
		};
/* End PBXCopyFilesBuildPhase section */

/* Begin PBXFileReference section */
		FA300686258EA9AC007CB485 /* FeedResponse.swift */ = {isa = PBXFileReference; lastKnownFileType = sourcecode.swift; path = FeedResponse.swift; sourceTree = "<group>"; };
		FA300688258EABE2007CB485 /* NetworkDataFetcher.swift */ = {isa = PBXFileReference; lastKnownFileType = sourcecode.swift; path = NetworkDataFetcher.swift; sourceTree = "<group>"; };
		FA30068B258EB530007CB485 /* NewsfeedPresenter.swift */ = {isa = PBXFileReference; lastKnownFileType = sourcecode.swift; path = NewsfeedPresenter.swift; sourceTree = "<group>"; };
		FA30068C258EB530007CB485 /* NewsfeedWorker.swift */ = {isa = PBXFileReference; lastKnownFileType = sourcecode.swift; path = NewsfeedWorker.swift; sourceTree = "<group>"; };
		FA30068D258EB530007CB485 /* NewsfeedRouter.swift */ = {isa = PBXFileReference; lastKnownFileType = sourcecode.swift; path = NewsfeedRouter.swift; sourceTree = "<group>"; };
		FA30068E258EB530007CB485 /* NewsfeedModels.swift */ = {isa = PBXFileReference; lastKnownFileType = sourcecode.swift; path = NewsfeedModels.swift; sourceTree = "<group>"; };
		FA30068F258EB530007CB485 /* NewsfeedViewController.swift */ = {isa = PBXFileReference; lastKnownFileType = sourcecode.swift; path = NewsfeedViewController.swift; sourceTree = "<group>"; };
		FA300690258EB530007CB485 /* NewsfeedInteractor.swift */ = {isa = PBXFileReference; lastKnownFileType = sourcecode.swift; path = NewsfeedInteractor.swift; sourceTree = "<group>"; };
		FA55DA6D2590076F003F6DA6 /* NewsfeedViewController.storyboard */ = {isa = PBXFileReference; lastKnownFileType = file.storyboard; path = NewsfeedViewController.storyboard; sourceTree = "<group>"; };
		FA55DA7025900F6A003F6DA6 /* NewsfeedCell.swift */ = {isa = PBXFileReference; lastKnownFileType = sourcecode.swift; path = NewsfeedCell.swift; sourceTree = "<group>"; };
		FA55DA7225900F9D003F6DA6 /* NewsfeedCell.xib */ = {isa = PBXFileReference; lastKnownFileType = file.xib; path = NewsfeedCell.xib; sourceTree = "<group>"; };
		FA55DA742590D177003F6DA6 /* WebImageView.swift */ = {isa = PBXFileReference; lastKnownFileType = sourcecode.swift; path = WebImageView.swift; sourceTree = "<group>"; };
		FA55DA762590F766003F6DA6 /* NewsfeedCellLayoutCalculator.swift */ = {isa = PBXFileReference; lastKnownFileType = sourcecode.swift; path = NewsfeedCellLayoutCalculator.swift; sourceTree = "<group>"; };
		FA55DA782591021E003F6DA6 /* String + Height.swift */ = {isa = PBXFileReference; lastKnownFileType = sourcecode.swift; path = "String + Height.swift"; sourceTree = "<group>"; };
		FA70681C258BE31D007FBCE9 /* VKNewsFeed.app */ = {isa = PBXFileReference; explicitFileType = wrapper.application; includeInIndex = 0; path = VKNewsFeed.app; sourceTree = BUILT_PRODUCTS_DIR; };
		FA70681F258BE31D007FBCE9 /* AppDelegate.swift */ = {isa = PBXFileReference; lastKnownFileType = sourcecode.swift; path = AppDelegate.swift; sourceTree = "<group>"; };
		FA706828258BE31F007FBCE9 /* Assets.xcassets */ = {isa = PBXFileReference; lastKnownFileType = folder.assetcatalog; path = Assets.xcassets; sourceTree = "<group>"; };
		FA70682B258BE31F007FBCE9 /* Base */ = {isa = PBXFileReference; lastKnownFileType = file.storyboard; name = Base; path = Base.lproj/LaunchScreen.storyboard; sourceTree = "<group>"; };
		FA70682D258BE31F007FBCE9 /* Info.plist */ = {isa = PBXFileReference; lastKnownFileType = text.plist.xml; path = Info.plist; sourceTree = "<group>"; };
		FA706834258BE9BD007FBCE9 /* VKSdkFramework.framework */ = {isa = PBXFileReference; lastKnownFileType = wrapper.framework; name = VKSdkFramework.framework; path = Carthage/Build/iOS/VKSdkFramework.framework; sourceTree = "<group>"; };
		FA706839258D4AB7007FBCE9 /* AuthService.swift */ = {isa = PBXFileReference; lastKnownFileType = sourcecode.swift; path = AuthService.swift; sourceTree = "<group>"; };
		FA70683C258D4F34007FBCE9 /* AuthViewController.swift */ = {isa = PBXFileReference; lastKnownFileType = sourcecode.swift; path = AuthViewController.swift; sourceTree = "<group>"; };
		FA70683E258D4F4E007FBCE9 /* AuthViewController.storyboard */ = {isa = PBXFileReference; lastKnownFileType = file.storyboard; path = AuthViewController.storyboard; sourceTree = "<group>"; };
		FA706845258D6164007FBCE9 /* UIViewController + Storyboard.swift */ = {isa = PBXFileReference; lastKnownFileType = sourcecode.swift; path = "UIViewController + Storyboard.swift"; sourceTree = "<group>"; };
		FA706849258D6427007FBCE9 /* NetworkService.swift */ = {isa = PBXFileReference; lastKnownFileType = sourcecode.swift; path = NetworkService.swift; sourceTree = "<group>"; };
		FA70684B258D64E8007FBCE9 /* API.swift */ = {isa = PBXFileReference; lastKnownFileType = sourcecode.swift; path = API.swift; sourceTree = "<group>"; };
/* End PBXFileReference section */

/* Begin PBXFrameworksBuildPhase section */
		FA706819258BE31C007FBCE9 /* Frameworks */ = {
			isa = PBXFrameworksBuildPhase;
			buildActionMask = 2147483647;
			files = (
				FA706835258BE9BD007FBCE9 /* VKSdkFramework.framework in Frameworks */,
			);
			runOnlyForDeploymentPostprocessing = 0;
		};
/* End PBXFrameworksBuildPhase section */

/* Begin PBXGroup section */
		FA300685258EA999007CB485 /* Models */ = {
			isa = PBXGroup;
			children = (
				FA300686258EA9AC007CB485 /* FeedResponse.swift */,
			);
			path = Models;
			sourceTree = "<group>";
		};
		FA30068A258EB4E8007CB485 /* Newsfeed */ = {
			isa = PBXGroup;
			children = (
				FA55DA6F25900F50003F6DA6 /* Cell */,
				FA30068F258EB530007CB485 /* NewsfeedViewController.swift */,
				FA300690258EB530007CB485 /* NewsfeedInteractor.swift */,
				FA30068B258EB530007CB485 /* NewsfeedPresenter.swift */,
				FA30068E258EB530007CB485 /* NewsfeedModels.swift */,
				FA30068C258EB530007CB485 /* NewsfeedWorker.swift */,
				FA30068D258EB530007CB485 /* NewsfeedRouter.swift */,
				FA55DA6D2590076F003F6DA6 /* NewsfeedViewController.storyboard */,
			);
			path = Newsfeed;
			sourceTree = "<group>";
		};
		FA55DA6F25900F50003F6DA6 /* Cell */ = {
			isa = PBXGroup;
			children = (
				FA55DA7025900F6A003F6DA6 /* NewsfeedCell.swift */,
				FA55DA762590F766003F6DA6 /* NewsfeedCellLayoutCalculator.swift */,
				FA55DA7225900F9D003F6DA6 /* NewsfeedCell.xib */,
			);
			path = Cell;
			sourceTree = "<group>";
		};
		FA706813258BE31C007FBCE9 = {
			isa = PBXGroup;
			children = (
				FA70681E258BE31D007FBCE9 /* VKNewsFeed */,
				FA70681D258BE31D007FBCE9 /* Products */,
				FA706833258BE9BD007FBCE9 /* Frameworks */,
			);
			sourceTree = "<group>";
		};
		FA70681D258BE31D007FBCE9 /* Products */ = {
			isa = PBXGroup;
			children = (
				FA70681C258BE31D007FBCE9 /* VKNewsFeed.app */,
			);
			name = Products;
			sourceTree = "<group>";
		};
		FA70681E258BE31D007FBCE9 /* VKNewsFeed */ = {
			isa = PBXGroup;
			children = (
				FA70681F258BE31D007FBCE9 /* AppDelegate.swift */,
				FA70683B258D4ABF007FBCE9 /* Services */,
				FA706840258D4F69007FBCE9 /* Auth */,
				FA30068A258EB4E8007CB485 /* Newsfeed */,
				FA706847258D6170007FBCE9 /* Helpers */,
				FA706828258BE31F007FBCE9 /* Assets.xcassets */,
				FA70682A258BE31F007FBCE9 /* LaunchScreen.storyboard */,
				FA70682D258BE31F007FBCE9 /* Info.plist */,
			);
			path = VKNewsFeed;
			sourceTree = "<group>";
		};
		FA706833258BE9BD007FBCE9 /* Frameworks */ = {
			isa = PBXGroup;
			children = (
				FA706834258BE9BD007FBCE9 /* VKSdkFramework.framework */,
			);
			name = Frameworks;
			sourceTree = "<group>";
		};
		FA70683B258D4ABF007FBCE9 /* Services */ = {
			isa = PBXGroup;
			children = (
				FA300685258EA999007CB485 /* Models */,
				FA706839258D4AB7007FBCE9 /* AuthService.swift */,
				FA706849258D6427007FBCE9 /* NetworkService.swift */,
				FA70684B258D64E8007FBCE9 /* API.swift */,
				FA300688258EABE2007CB485 /* NetworkDataFetcher.swift */,
			);
			path = Services;
			sourceTree = "<group>";
		};
		FA706840258D4F69007FBCE9 /* Auth */ = {
			isa = PBXGroup;
			children = (
				FA70683C258D4F34007FBCE9 /* AuthViewController.swift */,
				FA70683E258D4F4E007FBCE9 /* AuthViewController.storyboard */,
			);
			path = Auth;
			sourceTree = "<group>";
		};
		FA706847258D6170007FBCE9 /* Helpers */ = {
			isa = PBXGroup;
			children = (
				FA706845258D6164007FBCE9 /* UIViewController + Storyboard.swift */,
				FA55DA742590D177003F6DA6 /* WebImageView.swift */,
				FA55DA782591021E003F6DA6 /* String + Height.swift */,
			);
			path = Helpers;
			sourceTree = "<group>";
		};
/* End PBXGroup section */

/* Begin PBXNativeTarget section */
		FA70681B258BE31C007FBCE9 /* VKNewsFeed */ = {
			isa = PBXNativeTarget;
			buildConfigurationList = FA706830258BE31F007FBCE9 /* Build configuration list for PBXNativeTarget "VKNewsFeed" */;
			buildPhases = (
				FA706818258BE31C007FBCE9 /* Sources */,
				FA706819258BE31C007FBCE9 /* Frameworks */,
				FA70681A258BE31C007FBCE9 /* Resources */,
				FA706837258BE9BD007FBCE9 /* Embed Frameworks */,
				FA706838258BE9D2007FBCE9 /* ShellScript */,
			);
			buildRules = (
			);
			dependencies = (
			);
			name = VKNewsFeed;
			productName = VKNewsFeed;
			productReference = FA70681C258BE31D007FBCE9 /* VKNewsFeed.app */;
			productType = "com.apple.product-type.application";
		};
/* End PBXNativeTarget section */

/* Begin PBXProject section */
		FA706814258BE31C007FBCE9 /* Project object */ = {
			isa = PBXProject;
			attributes = {
				LastSwiftUpdateCheck = 1170;
				LastUpgradeCheck = 1170;
				ORGANIZATIONNAME = "Sawka uz";
				TargetAttributes = {
					FA70681B258BE31C007FBCE9 = {
						CreatedOnToolsVersion = 11.7;
					};
				};
			};
			buildConfigurationList = FA706817258BE31C007FBCE9 /* Build configuration list for PBXProject "VKNewsFeed" */;
			compatibilityVersion = "Xcode 9.3";
			developmentRegion = en;
			hasScannedForEncodings = 0;
			knownRegions = (
				en,
				Base,
			);
			mainGroup = FA706813258BE31C007FBCE9;
			productRefGroup = FA70681D258BE31D007FBCE9 /* Products */;
			projectDirPath = "";
			projectRoot = "";
			targets = (
				FA70681B258BE31C007FBCE9 /* VKNewsFeed */,
			);
		};
/* End PBXProject section */

/* Begin PBXResourcesBuildPhase section */
		FA70681A258BE31C007FBCE9 /* Resources */ = {
			isa = PBXResourcesBuildPhase;
			buildActionMask = 2147483647;
			files = (
				FA70682C258BE31F007FBCE9 /* LaunchScreen.storyboard in Resources */,
				FA70683F258D4F4E007FBCE9 /* AuthViewController.storyboard in Resources */,
				FA55DA6E2590076F003F6DA6 /* NewsfeedViewController.storyboard in Resources */,
				FA706829258BE31F007FBCE9 /* Assets.xcassets in Resources */,
				FA55DA7325900F9D003F6DA6 /* NewsfeedCell.xib in Resources */,
			);
			runOnlyForDeploymentPostprocessing = 0;
		};
/* End PBXResourcesBuildPhase section */

/* Begin PBXShellScriptBuildPhase section */
		FA706838258BE9D2007FBCE9 /* ShellScript */ = {
			isa = PBXShellScriptBuildPhase;
			buildActionMask = 2147483647;
			files = (
			);
			inputFileListPaths = (
			);
			inputPaths = (
				"$(SRCROOT)/Carthage/Build/iOS/VKSdkFramework.framework",
			);
			outputFileListPaths = (
			);
			outputPaths = (
			);
			runOnlyForDeploymentPostprocessing = 0;
			shellPath = /bin/sh;
			shellScript = "/usr/local/bin/carthage copy-frameworks\n";
		};
/* End PBXShellScriptBuildPhase section */

/* Begin PBXSourcesBuildPhase section */
		FA706818258BE31C007FBCE9 /* Sources */ = {
			isa = PBXSourcesBuildPhase;
			buildActionMask = 2147483647;
			files = (
				FA300687258EA9AC007CB485 /* FeedResponse.swift in Sources */,
				FA55DA792591021E003F6DA6 /* String + Height.swift in Sources */,
				FA300696258EB530007CB485 /* NewsfeedViewController.swift in Sources */,
				FA70683D258D4F34007FBCE9 /* AuthViewController.swift in Sources */,
				FA706846258D6164007FBCE9 /* UIViewController + Storyboard.swift in Sources */,
				FA300692258EB530007CB485 /* NewsfeedPresenter.swift in Sources */,
				FA706820258BE31D007FBCE9 /* AppDelegate.swift in Sources */,
				FA300694258EB530007CB485 /* NewsfeedRouter.swift in Sources */,
				FA70684A258D6427007FBCE9 /* NetworkService.swift in Sources */,
				FA300695258EB530007CB485 /* NewsfeedModels.swift in Sources */,
				FA55DA772590F766003F6DA6 /* NewsfeedCellLayoutCalculator.swift in Sources */,
				FA55DA752590D177003F6DA6 /* WebImageView.swift in Sources */,
				FA300689258EABE2007CB485 /* NetworkDataFetcher.swift in Sources */,
				FA300693258EB530007CB485 /* NewsfeedWorker.swift in Sources */,
				FA70683A258D4AB7007FBCE9 /* AuthService.swift in Sources */,
				FA70684C258D64E8007FBCE9 /* API.swift in Sources */,
				FA55DA7125900F6A003F6DA6 /* NewsfeedCell.swift in Sources */,
				FA300697258EB530007CB485 /* NewsfeedInteractor.swift in Sources */,
			);
			runOnlyForDeploymentPostprocessing = 0;
		};
/* End PBXSourcesBuildPhase section */

/* Begin PBXVariantGroup section */
		FA70682A258BE31F007FBCE9 /* LaunchScreen.storyboard */ = {
			isa = PBXVariantGroup;
			children = (
				FA70682B258BE31F007FBCE9 /* Base */,
			);
			name = LaunchScreen.storyboard;
			sourceTree = "<group>";
		};
/* End PBXVariantGroup section */

/* Begin XCBuildConfiguration section */
		FA70682E258BE31F007FBCE9 /* Debug */ = {
			isa = XCBuildConfiguration;
			buildSettings = {
				ALWAYS_SEARCH_USER_PATHS = NO;
				CLANG_ANALYZER_NONNULL = YES;
				CLANG_ANALYZER_NUMBER_OBJECT_CONVERSION = YES_AGGRESSIVE;
				CLANG_CXX_LANGUAGE_STANDARD = "gnu++14";
				CLANG_CXX_LIBRARY = "libc++";
				CLANG_ENABLE_MODULES = YES;
				CLANG_ENABLE_OBJC_ARC = YES;
				CLANG_ENABLE_OBJC_WEAK = YES;
				CLANG_WARN_BLOCK_CAPTURE_AUTORELEASING = YES;
				CLANG_WARN_BOOL_CONVERSION = YES;
				CLANG_WARN_COMMA = YES;
				CLANG_WARN_CONSTANT_CONVERSION = YES;
				CLANG_WARN_DEPRECATED_OBJC_IMPLEMENTATIONS = YES;
				CLANG_WARN_DIRECT_OBJC_ISA_USAGE = YES_ERROR;
				CLANG_WARN_DOCUMENTATION_COMMENTS = YES;
				CLANG_WARN_EMPTY_BODY = YES;
				CLANG_WARN_ENUM_CONVERSION = YES;
				CLANG_WARN_INFINITE_RECURSION = YES;
				CLANG_WARN_INT_CONVERSION = YES;
				CLANG_WARN_NON_LITERAL_NULL_CONVERSION = YES;
				CLANG_WARN_OBJC_IMPLICIT_RETAIN_SELF = YES;
				CLANG_WARN_OBJC_LITERAL_CONVERSION = YES;
				CLANG_WARN_OBJC_ROOT_CLASS = YES_ERROR;
				CLANG_WARN_RANGE_LOOP_ANALYSIS = YES;
				CLANG_WARN_STRICT_PROTOTYPES = YES;
				CLANG_WARN_SUSPICIOUS_MOVE = YES;
				CLANG_WARN_UNGUARDED_AVAILABILITY = YES_AGGRESSIVE;
				CLANG_WARN_UNREACHABLE_CODE = YES;
				CLANG_WARN__DUPLICATE_METHOD_MATCH = YES;
				COPY_PHASE_STRIP = NO;
				DEBUG_INFORMATION_FORMAT = dwarf;
				ENABLE_STRICT_OBJC_MSGSEND = YES;
				ENABLE_TESTABILITY = YES;
				GCC_C_LANGUAGE_STANDARD = gnu11;
				GCC_DYNAMIC_NO_PIC = NO;
				GCC_NO_COMMON_BLOCKS = YES;
				GCC_OPTIMIZATION_LEVEL = 0;
				GCC_PREPROCESSOR_DEFINITIONS = (
					"DEBUG=1",
					"$(inherited)",
				);
				GCC_WARN_64_TO_32_BIT_CONVERSION = YES;
				GCC_WARN_ABOUT_RETURN_TYPE = YES_ERROR;
				GCC_WARN_UNDECLARED_SELECTOR = YES;
				GCC_WARN_UNINITIALIZED_AUTOS = YES_AGGRESSIVE;
				GCC_WARN_UNUSED_FUNCTION = YES;
				GCC_WARN_UNUSED_VARIABLE = YES;
				IPHONEOS_DEPLOYMENT_TARGET = 13.7;
				MTL_ENABLE_DEBUG_INFO = INCLUDE_SOURCE;
				MTL_FAST_MATH = YES;
				ONLY_ACTIVE_ARCH = YES;
				SDKROOT = iphoneos;
				SWIFT_ACTIVE_COMPILATION_CONDITIONS = DEBUG;
				SWIFT_OPTIMIZATION_LEVEL = "-Onone";
			};
			name = Debug;
		};
		FA70682F258BE31F007FBCE9 /* Release */ = {
			isa = XCBuildConfiguration;
			buildSettings = {
				ALWAYS_SEARCH_USER_PATHS = NO;
				CLANG_ANALYZER_NONNULL = YES;
				CLANG_ANALYZER_NUMBER_OBJECT_CONVERSION = YES_AGGRESSIVE;
				CLANG_CXX_LANGUAGE_STANDARD = "gnu++14";
				CLANG_CXX_LIBRARY = "libc++";
				CLANG_ENABLE_MODULES = YES;
				CLANG_ENABLE_OBJC_ARC = YES;
				CLANG_ENABLE_OBJC_WEAK = YES;
				CLANG_WARN_BLOCK_CAPTURE_AUTORELEASING = YES;
				CLANG_WARN_BOOL_CONVERSION = YES;
				CLANG_WARN_COMMA = YES;
				CLANG_WARN_CONSTANT_CONVERSION = YES;
				CLANG_WARN_DEPRECATED_OBJC_IMPLEMENTATIONS = YES;
				CLANG_WARN_DIRECT_OBJC_ISA_USAGE = YES_ERROR;
				CLANG_WARN_DOCUMENTATION_COMMENTS = YES;
				CLANG_WARN_EMPTY_BODY = YES;
				CLANG_WARN_ENUM_CONVERSION = YES;
				CLANG_WARN_INFINITE_RECURSION = YES;
				CLANG_WARN_INT_CONVERSION = YES;
				CLANG_WARN_NON_LITERAL_NULL_CONVERSION = YES;
				CLANG_WARN_OBJC_IMPLICIT_RETAIN_SELF = YES;
				CLANG_WARN_OBJC_LITERAL_CONVERSION = YES;
				CLANG_WARN_OBJC_ROOT_CLASS = YES_ERROR;
				CLANG_WARN_RANGE_LOOP_ANALYSIS = YES;
				CLANG_WARN_STRICT_PROTOTYPES = YES;
				CLANG_WARN_SUSPICIOUS_MOVE = YES;
				CLANG_WARN_UNGUARDED_AVAILABILITY = YES_AGGRESSIVE;
				CLANG_WARN_UNREACHABLE_CODE = YES;
				CLANG_WARN__DUPLICATE_METHOD_MATCH = YES;
				COPY_PHASE_STRIP = NO;
				DEBUG_INFORMATION_FORMAT = "dwarf-with-dsym";
				ENABLE_NS_ASSERTIONS = NO;
				ENABLE_STRICT_OBJC_MSGSEND = YES;
				GCC_C_LANGUAGE_STANDARD = gnu11;
				GCC_NO_COMMON_BLOCKS = YES;
				GCC_WARN_64_TO_32_BIT_CONVERSION = YES;
				GCC_WARN_ABOUT_RETURN_TYPE = YES_ERROR;
				GCC_WARN_UNDECLARED_SELECTOR = YES;
				GCC_WARN_UNINITIALIZED_AUTOS = YES_AGGRESSIVE;
				GCC_WARN_UNUSED_FUNCTION = YES;
				GCC_WARN_UNUSED_VARIABLE = YES;
				IPHONEOS_DEPLOYMENT_TARGET = 13.7;
				MTL_ENABLE_DEBUG_INFO = NO;
				MTL_FAST_MATH = YES;
				SDKROOT = iphoneos;
				SWIFT_COMPILATION_MODE = wholemodule;
				SWIFT_OPTIMIZATION_LEVEL = "-O";
				VALIDATE_PRODUCT = YES;
			};
			name = Release;
		};
		FA706831258BE31F007FBCE9 /* Debug */ = {
			isa = XCBuildConfiguration;
			buildSettings = {
				ASSETCATALOG_COMPILER_APPICON_NAME = AppIcon;
				CODE_SIGN_STYLE = Automatic;
				DEVELOPMENT_TEAM = CLJ424P4FQ;
				FRAMEWORK_SEARCH_PATHS = (
					"$(inherited)",
					"$(PROJECT_DIR)/Carthage/Build/iOS",
				);
				INFOPLIST_FILE = VKNewsFeed/Info.plist;
				LD_RUNPATH_SEARCH_PATHS = (
					"$(inherited)",
					"@executable_path/Frameworks",
				);
				PRODUCT_BUNDLE_IDENTIFIER = com.SAWKA.VKNewsFeed;
				PRODUCT_NAME = "$(TARGET_NAME)";
				SWIFT_VERSION = 5.0;
				TARGETED_DEVICE_FAMILY = "1,2";
			};
			name = Debug;
		};
		FA706832258BE31F007FBCE9 /* Release */ = {
			isa = XCBuildConfiguration;
			buildSettings = {
				ASSETCATALOG_COMPILER_APPICON_NAME = AppIcon;
				CODE_SIGN_STYLE = Automatic;
				DEVELOPMENT_TEAM = CLJ424P4FQ;
				FRAMEWORK_SEARCH_PATHS = (
					"$(inherited)",
					"$(PROJECT_DIR)/Carthage/Build/iOS",
				);
				INFOPLIST_FILE = VKNewsFeed/Info.plist;
				LD_RUNPATH_SEARCH_PATHS = (
					"$(inherited)",
					"@executable_path/Frameworks",
				);
				PRODUCT_BUNDLE_IDENTIFIER = com.SAWKA.VKNewsFeed;
				PRODUCT_NAME = "$(TARGET_NAME)";
				SWIFT_VERSION = 5.0;
				TARGETED_DEVICE_FAMILY = "1,2";
			};
			name = Release;
		};
/* End XCBuildConfiguration section */

/* Begin XCConfigurationList section */
		FA706817258BE31C007FBCE9 /* Build configuration list for PBXProject "VKNewsFeed" */ = {
			isa = XCConfigurationList;
			buildConfigurations = (
				FA70682E258BE31F007FBCE9 /* Debug */,
				FA70682F258BE31F007FBCE9 /* Release */,
			);
			defaultConfigurationIsVisible = 0;
			defaultConfigurationName = Release;
		};
		FA706830258BE31F007FBCE9 /* Build configuration list for PBXNativeTarget "VKNewsFeed" */ = {
			isa = XCConfigurationList;
			buildConfigurations = (
				FA706831258BE31F007FBCE9 /* Debug */,
				FA706832258BE31F007FBCE9 /* Release */,
			);
			defaultConfigurationIsVisible = 0;
			defaultConfigurationName = Release;
		};
/* End XCConfigurationList section */
	};
	rootObject = FA706814258BE31C007FBCE9 /* Project object */;
}
